
Microsoft Visual Studio Solution File, Format Version 11.00
# Visual Studio 2010
Project("{8BC9CEB8-8B4A-11D0-8D11-00A0C91BC942}") = "WORK1", "WORK1\WORK1.vcxproj", "{6B90E985-B8FA-4D09-8445-40A5D8BEE34E}"
EndProject
Global
	GlobalSection(SolutionConfigurationPlatforms) = preSolution
		Debug|Win32 = Debug|Win32
		Release|Win32 = Release|Win32
	EndGlobalSection
	GlobalSection(ProjectConfigurationPlatforms) = postSolution
		{6B90E985-B8FA-4D09-8445-40A5D8BEE34E}.Debug|Win32.ActiveCfg = Debug|Win32
		{6B90E985-B8FA-4D09-8445-40A5D8BEE34E}.Debug|Win32.Build.0 = Debug|Win32
		{6B90E985-B8FA-4D09-8445-40A5D8BEE34E}.Release|Win32.ActiveCfg = Release|Win32
		{6B90E985-B8FA-4D09-8445-40A5D8BEE34E}.Release|Win32.Build.0 = Release|Win32
	EndGlobalSection
	GlobalSection(SolutionProperties) = preSolution
		HideSolutionNode = FALSE
	EndGlobalSection
EndGlobal
